Microsoft Visual Studio Solution File, Format Version 12.00
# Visual Studio Version 17
VisualStudioVersion = 17.5.2.0
MinimumVisualStudioVersion = 10.0.40219.1
Project("{FAE04EC0-301F-11D3-BF4B-00C04F79EFBC}") = "Sha3Clone", "Sha3Clone.csproj", "{F8696A69-8EFA-2D8F-6E2E-4A24BA8FC070}"
EndProject
Global
	GlobalSection(SolutionConfigurationPlatforms) = preSolution
		Debug|Any CPU = Debug|Any CPU
		Release|Any CPU = Release|Any CPU
	EndGlobalSection
	GlobalSection(ProjectConfigurationPlatforms) = postSolution
		{F8696A69-8EFA-2D8F-6E2E-4A24BA8FC070}.Debug|Any CPU.ActiveCfg = Debug|Any CPU
		{F8696A69-8EFA-2D8F-6E2E-4A24BA8FC070}.Debug|Any CPU.Build.0 = Debug|Any CPU
		{F8696A69-8EFA-2D8F-6E2E-4A24BA8FC070}.Release|Any CPU.ActiveCfg = Release|Any CPU
		{F8696A69-8EFA-2D8F-6E2E-4A24BA8FC070}.Release|Any CPU.Build.0 = Release|Any CPU
	EndGlobalSection
	GlobalSection(SolutionProperties) = preSolution
		HideSolutionNode = FALSE
	EndGlobalSection
	GlobalSection(ExtensibilityGlobals) = postSolution
		SolutionGuid = {F3477A19-8C61-4C78-8391-04CC3FF4241F}
	EndGlobalSection
EndGlobal
